// !$*UTF8*$!
{
	archiveVersion = 1;
	classes = {
	};
	objectVersion = 56;
	objects = {

/* Begin PBXBuildFile section */
		7E97E82929B4292C00DDC7E8 /* AppDelegate.swift in Sources */ = {isa = PBXBuildFile; fileRef = 7E97E82829B4292C00DDC7E8 /* AppDelegate.swift */; };
		7E97E82B29B4292C00DDC7E8 /* SceneDelegate.swift in Sources */ = {isa = PBXBuildFile; fileRef = 7E97E82A29B4292C00DDC7E8 /* SceneDelegate.swift */; };
		7E97E82D29B4292C00DDC7E8 /* ViewController.swift in Sources */ = {isa = PBXBuildFile; fileRef = 7E97E82C29B4292C00DDC7E8 /* ViewController.swift */; };
		7E97E83029B4292C00DDC7E8 /* Main.storyboard in Resources */ = {isa = PBXBuildFile; fileRef = 7E97E82E29B4292C00DDC7E8 /* Main.storyboard */; };
		7E97E83229B4292D00DDC7E8 /* Assets.xcassets in Resources */ = {isa = PBXBuildFile; fileRef = 7E97E83129B4292D00DDC7E8 /* Assets.xcassets */; };
		7E97E83529B4292D00DDC7E8 /* LaunchScreen.storyboard in Resources */ = {isa = PBXBuildFile; fileRef = 7E97E83329B4292D00DDC7E8 /* LaunchScreen.storyboard */; };
		7E97E84029B4292E00DDC7E8 /* RxWeatherTests.swift in Sources */ = {isa = PBXBuildFile; fileRef = 7E97E83F29B4292E00DDC7E8 /* RxWeatherTests.swift */; };
		7E97E84A29B4292E00DDC7E8 /* RxWeatherUITests.swift in Sources */ = {isa = PBXBuildFile; fileRef = 7E97E84929B4292E00DDC7E8 /* RxWeatherUITests.swift */; };
		7E97E84C29B4292E00DDC7E8 /* RxWeatherUITestsLaunchTests.swift in Sources */ = {isa = PBXBuildFile; fileRef = 7E97E84B29B4292E00DDC7E8 /* RxWeatherUITestsLaunchTests.swift */; };
/* End PBXBuildFile section */

/* Begin PBXContainerItemProxy section */
		7E97E83C29B4292E00DDC7E8 /* PBXContainerItemProxy */ = {
			isa = PBXContainerItemProxy;
			containerPortal = 7E97E81D29B4292C00DDC7E8 /* Project object */;
			proxyType = 1;
			remoteGlobalIDString = 7E97E82429B4292C00DDC7E8;
			remoteInfo = RxWeather;
		};
		7E97E84629B4292E00DDC7E8 /* PBXContainerItemProxy */ = {
			isa = PBXContainerItemProxy;
			containerPortal = 7E97E81D29B4292C00DDC7E8 /* Project object */;
			proxyType = 1;
			remoteGlobalIDString = 7E97E82429B4292C00DDC7E8;
			remoteInfo = RxWeather;
		};
/* End PBXContainerItemProxy section */

/* Begin PBXFileReference section */
		7E97E82529B4292C00DDC7E8 /* RxWeather.app */ = {isa = PBXFileReference; explicitFileType = wrapper.application; includeInIndex = 0; path = RxWeather.app; sourceTree = BUILT_PRODUCTS_DIR; };
		7E97E82829B4292C00DDC7E8 /* AppDelegate.swift */ = {isa = PBXFileReference; lastKnownFileType = sourcecode.swift; path = AppDelegate.swift; sourceTree = "<group>"; };
		7E97E82A29B4292C00DDC7E8 /* SceneDelegate.swift */ = {isa = PBXFileReference; lastKnownFileType = sourcecode.swift; path = SceneDelegate.swift; sourceTree = "<group>"; };
		7E97E82C29B4292C00DDC7E8 /* ViewController.swift */ = {isa = PBXFileReference; lastKnownFileType = sourcecode.swift; path = ViewController.swift; sourceTree = "<group>"; };
		7E97E82F29B4292C00DDC7E8 /* Base */ = {isa = PBXFileReference; lastKnownFileType = file.storyboard; name = Base; path = Base.lproj/Main.storyboard; sourceTree = "<group>"; };
		7E97E83129B4292D00DDC7E8 /* Assets.xcassets */ = {isa = PBXFileReference; lastKnownFileType = folder.assetcatalog; path = Assets.xcassets; sourceTree = "<group>"; };
		7E97E83429B4292D00DDC7E8 /* Base */ = {isa = PBXFileReference; lastKnownFileType = file.storyboard; name = Base; path = Base.lproj/LaunchScreen.storyboard; sourceTree = "<group>"; };
		7E97E83629B4292D00DDC7E8 /* Info.plist */ = {isa = PBXFileReference; lastKnownFileType = text.plist.xml; path = Info.plist; sourceTree = "<group>"; };
		7E97E83B29B4292E00DDC7E8 /* RxWeatherTests.xctest */ = {isa = PBXFileReference; explicitFileType = wrapper.cfbundle; includeInIndex = 0; path = RxWeatherTests.xctest; sourceTree = BUILT_PRODUCTS_DIR; };
		7E97E83F29B4292E00DDC7E8 /* RxWeatherTests.swift */ = {isa = PBXFileReference; lastKnownFileType = sourcecode.swift; path = RxWeatherTests.swift; sourceTree = "<group>"; };
		7E97E84529B4292E00DDC7E8 /* RxWeatherUITests.xctest */ = {isa = PBXFileReference; explicitFileType = wrapper.cfbundle; includeInIndex = 0; path = RxWeatherUITests.xctest; sourceTree = BUILT_PRODUCTS_DIR; };
		7E97E84929B4292E00DDC7E8 /* RxWeatherUITests.swift */ = {isa = PBXFileReference; lastKnownFileType = sourcecode.swift; path = RxWeatherUITests.swift; sourceTree = "<group>"; };
		7E97E84B29B4292E00DDC7E8 /* RxWeatherUITestsLaunchTests.swift */ = {isa = PBXFileReference; lastKnownFileType = sourcecode.swift; path = RxWeatherUITestsLaunchTests.swift; sourceTree = "<group>"; };
/* End PBXFileReference section */

/* Begin PBXFrameworksBuildPhase section */
		7E97E82229B4292C00DDC7E8 /* Frameworks */ = {
			isa = PBXFrameworksBuildPhase;
			buildActionMask = 2147483647;
			files = (
			);
			runOnlyForDeploymentPostprocessing = 0;
		};
		7E97E83829B4292E00DDC7E8 /* Frameworks */ = {
			isa = PBXFrameworksBuildPhase;
			buildActionMask = 2147483647;
			files = (
			);
			runOnlyForDeploymentPostprocessing = 0;
		};
		7E97E84229B4292E00DDC7E8 /* Frameworks */ = {
			isa = PBXFrameworksBuildPhase;
			buildActionMask = 2147483647;
			files = (
			);
			runOnlyForDeploymentPostprocessing = 0;
		};
/* End PBXFrameworksBuildPhase section */

/* Begin PBXGroup section */
		7E97E81C29B4292C00DDC7E8 = {
			isa = PBXGroup;
			children = (
				7E97E82729B4292C00DDC7E8 /* RxWeather */,
				7E97E83E29B4292E00DDC7E8 /* RxWeatherTests */,
				7E97E84829B4292E00DDC7E8 /* RxWeatherUITests */,
				7E97E82629B4292C00DDC7E8 /* Products */,
			);
			sourceTree = "<group>";
		};
		7E97E82629B4292C00DDC7E8 /* Products */ = {
			isa = PBXGroup;
			children = (
				7E97E82529B4292C00DDC7E8 /* RxWeather.app */,
				7E97E83B29B4292E00DDC7E8 /* RxWeatherTests.xctest */,
				7E97E84529B4292E00DDC7E8 /* RxWeatherUITests.xctest */,
			);
			name = Products;
			sourceTree = "<group>";
		};
		7E97E82729B4292C00DDC7E8 /* RxWeather */ = {
			isa = PBXGroup;
			children = (
				7E97E82829B4292C00DDC7E8 /* AppDelegate.swift */,
				7E97E82A29B4292C00DDC7E8 /* SceneDelegate.swift */,
				7E97E82C29B4292C00DDC7E8 /* ViewController.swift */,
				7E97E82E29B4292C00DDC7E8 /* Main.storyboard */,
				7E97E83129B4292D00DDC7E8 /* Assets.xcassets */,
				7E97E83329B4292D00DDC7E8 /* LaunchScreen.storyboard */,
				7E97E83629B4292D00DDC7E8 /* Info.plist */,
			);
			path = RxWeather;
			sourceTree = "<group>";
		};
		7E97E83E29B4292E00DDC7E8 /* RxWeatherTests */ = {
			isa = PBXGroup;
			children = (
				7E97E83F29B4292E00DDC7E8 /* RxWeatherTests.swift */,
			);
			path = RxWeatherTests;
			sourceTree = "<group>";
		};
		7E97E84829B4292E00DDC7E8 /* RxWeatherUITests */ = {
			isa = PBXGroup;
			children = (
				7E97E84929B4292E00DDC7E8 /* RxWeatherUITests.swift */,
				7E97E84B29B4292E00DDC7E8 /* RxWeatherUITestsLaunchTests.swift */,
			);
			path = RxWeatherUITests;
			sourceTree = "<group>";
		};
/* End PBXGroup section */

/* Begin PBXNativeTarget section */
		7E97E82429B4292C00DDC7E8 /* RxWeather */ = {
			isa = PBXNativeTarget;
			buildConfigurationList = 7E97E84F29B4292E00DDC7E8 /* Build configuration list for PBXNativeTarget "RxWeather" */;
			buildPhases = (
				7E97E82129B4292C00DDC7E8 /* Sources */,
				7E97E82229B4292C00DDC7E8 /* Frameworks */,
				7E97E82329B4292C00DDC7E8 /* Resources */,
			);
			buildRules = (
			);
			dependencies = (
			);
			name = RxWeather;
			productName = RxWeather;
			productReference = 7E97E82529B4292C00DDC7E8 /* RxWeather.app */;
			productType = "com.apple.product-type.application";
		};
		7E97E83A29B4292E00DDC7E8 /* RxWeatherTests */ = {
			isa = PBXNativeTarget;
			buildConfigurationList = 7E97E85229B4292E00DDC7E8 /* Build configuration list for PBXNativeTarget "RxWeatherTests" */;
			buildPhases = (
				7E97E83729B4292E00DDC7E8 /* Sources */,
				7E97E83829B4292E00DDC7E8 /* Frameworks */,
				7E97E83929B4292E00DDC7E8 /* Resources */,
			);
			buildRules = (
			);
			dependencies = (
				7E97E83D29B4292E00DDC7E8 /* PBXTargetDependency */,
			);
			name = RxWeatherTests;
			productName = RxWeatherTests;
			productReference = 7E97E83B29B4292E00DDC7E8 /* RxWeatherTests.xctest */;
			productType = "com.apple.product-type.bundle.unit-test";
		};
		7E97E84429B4292E00DDC7E8 /* RxWeatherUITests */ = {
			isa = PBXNativeTarget;
			buildConfigurationList = 7E97E85529B4292E00DDC7E8 /* Build configuration list for PBXNativeTarget "RxWeatherUITests" */;
			buildPhases = (
				7E97E84129B4292E00DDC7E8 /* Sources */,
				7E97E84229B4292E00DDC7E8 /* Frameworks */,
				7E97E84329B4292E00DDC7E8 /* Resources */,
			);
			buildRules = (
			);
			dependencies = (
				7E97E84729B4292E00DDC7E8 /* PBXTargetDependency */,
			);
			name = RxWeatherUITests;
			productName = RxWeatherUITests;
			productReference = 7E97E84529B4292E00DDC7E8 /* RxWeatherUITests.xctest */;
			productType = "com.apple.product-type.bundle.ui-testing";
		};
/* End PBXNativeTarget section */

/* Begin PBXProject section */
		7E97E81D29B4292C00DDC7E8 /* Project object */ = {
			isa = PBXProject;
			attributes = {
				BuildIndependentTargetsInParallel = 1;
				LastSwiftUpdateCheck = 1420;
				LastUpgradeCheck = 1420;
				TargetAttributes = {
					7E97E82429B4292C00DDC7E8 = {
						CreatedOnToolsVersion = 14.2;
					};
					7E97E83A29B4292E00DDC7E8 = {
						CreatedOnToolsVersion = 14.2;
						TestTargetID = 7E97E82429B4292C00DDC7E8;
					};
					7E97E84429B4292E00DDC7E8 = {
						CreatedOnToolsVersion = 14.2;
						TestTargetID = 7E97E82429B4292C00DDC7E8;
					};
				};
			};
			buildConfigurationList = 7E97E82029B4292C00DDC7E8 /* Build configuration list for PBXProject "RxWeather" */;
			compatibilityVersion = "Xcode 14.0";
			developmentRegion = en;
			hasScannedForEncodings = 0;
			knownRegions = (
				en,
				Base,
			);
			mainGroup = 7E97E81C29B4292C00DDC7E8;
			productRefGroup = 7E97E82629B4292C00DDC7E8 /* Products */;
			projectDirPath = "";
			projectRoot = "";
			targets = (
				7E97E82429B4292C00DDC7E8 /* RxWeather */,
				7E97E83A29B4292E00DDC7E8 /* RxWeatherTests */,
				7E97E84429B4292E00DDC7E8 /* RxWeatherUITests */,
			);
		};
/* End PBXProject section */

/* Begin PBXResourcesBuildPhase section */
		7E97E82329B4292C00DDC7E8 /* Resources */ = {
			isa = PBXResourcesBuildPhase;
			buildActionMask = 2147483647;
			files = (
				7E97E83529B4292D00DDC7E8 /* LaunchScreen.storyboard in Resources */,
				7E97E83229B4292D00DDC7E8 /* Assets.xcassets in Resources */,
				7E97E83029B4292C00DDC7E8 /* Main.storyboard in Resources */,
			);
			runOnlyForDeploymentPostprocessing = 0;
		};
		7E97E83929B4292E00DDC7E8 /* Resources */ = {
			isa = PBXResourcesBuildPhase;
			buildActionMask = 2147483647;
			files = (
			);
			runOnlyForDeploymentPostprocessing = 0;
		};
		7E97E84329B4292E00DDC7E8 /* Resources */ = {
			isa = PBXResourcesBuildPhase;
			buildActionMask = 2147483647;
			files = (
			);
			runOnlyForDeploymentPostprocessing = 0;
		};
/* End PBXResourcesBuildPhase section */

/* Begin PBXSourcesBuildPhase section */
		7E97E82129B4292C00DDC7E8 /* Sources */ = {
			isa = PBXSourcesBuildPhase;
			buildActionMask = 2147483647;
			files = (
				7E97E82D29B4292C00DDC7E8 /* ViewController.swift in Sources */,
				7E97E82929B4292C00DDC7E8 /* AppDelegate.swift in Sources */,
				7E97E82B29B4292C00DDC7E8 /* SceneDelegate.swift in Sources */,
			);
			runOnlyForDeploymentPostprocessing = 0;
		};
		7E97E83729B4292E00DDC7E8 /* Sources */ = {
			isa = PBXSourcesBuildPhase;
			buildActionMask = 2147483647;
			files = (
				7E97E84029B4292E00DDC7E8 /* RxWeatherTests.swift in Sources */,
			);
			runOnlyForDeploymentPostprocessing = 0;
		};
		7E97E84129B4292E00DDC7E8 /* Sources */ = {
			isa = PBXSourcesBuildPhase;
			buildActionMask = 2147483647;
			files = (
				7E97E84A29B4292E00DDC7E8 /* RxWeatherUITests.swift in Sources */,
				7E97E84C29B4292E00DDC7E8 /* RxWeatherUITestsLaunchTests.swift in Sources */,
			);
			runOnlyForDeploymentPostprocessing = 0;
		};
/* End PBXSourcesBuildPhase section */

/* Begin PBXTargetDependency section */
		7E97E83D29B4292E00DDC7E8 /* PBXTargetDependency */ = {
			isa = PBXTargetDependency;
			target = 7E97E82429B4292C00DDC7E8 /* RxWeather */;
			targetProxy = 7E97E83C29B4292E00DDC7E8 /* PBXContainerItemProxy */;
		};
		7E97E84729B4292E00DDC7E8 /* PBXTargetDependency */ = {
			isa = PBXTargetDependency;
			target = 7E97E82429B4292C00DDC7E8 /* RxWeather */;
			targetProxy = 7E97E84629B4292E00DDC7E8 /* PBXContainerItemProxy */;
		};
/* End PBXTargetDependency section */

/* Begin PBXVariantGroup section */
		7E97E82E29B4292C00DDC7E8 /* Main.storyboard */ = {
			isa = PBXVariantGroup;
			children = (
				7E97E82F29B4292C00DDC7E8 /* Base */,
			);
			name = Main.storyboard;
			sourceTree = "<group>";
		};
		7E97E83329B4292D00DDC7E8 /* LaunchScreen.storyboard */ = {
			isa = PBXVariantGroup;
			children = (
				7E97E83429B4292D00DDC7E8 /* Base */,
			);
			name = LaunchScreen.storyboard;
			sourceTree = "<group>";
		};
/* End PBXVariantGroup section */

/* Begin XCBuildConfiguration section */
		7E97E84D29B4292E00DDC7E8 /* Debug */ = {
			isa = XCBuildConfiguration;
			buildSettings = {
				ALWAYS_SEARCH_USER_PATHS = NO;
				CLANG_ANALYZER_NONNULL = YES;
				CLANG_ANALYZER_NUMBER_OBJECT_CONVERSION = YES_AGGRESSIVE;
				CLANG_CXX_LANGUAGE_STANDARD = "gnu++20";
				CLANG_ENABLE_MODULES = YES;
				CLANG_ENABLE_OBJC_ARC = YES;
				CLANG_ENABLE_OBJC_WEAK = YES;
				CLANG_WARN_BLOCK_CAPTURE_AUTORELEASING = YES;
				CLANG_WARN_BOOL_CONVERSION = YES;
				CLANG_WARN_COMMA = YES;
				CLANG_WARN_CONSTANT_CONVERSION = YES;
				CLANG_WARN_DEPRECATED_OBJC_IMPLEMENTATIONS = YES;
				CLANG_WARN_DIRECT_OBJC_ISA_USAGE = YES_ERROR;
				CLANG_WARN_DOCUMENTATION_COMMENTS = YES;
				CLANG_WARN_EMPTY_BODY = YES;
				CLANG_WARN_ENUM_CONVERSION = YES;
				CLANG_WARN_INFINITE_RECURSION = YES;
				CLANG_WARN_INT_CONVERSION = YES;
				CLANG_WARN_NON_LITERAL_NULL_CONVERSION = YES;
				CLANG_WARN_OBJC_IMPLICIT_RETAIN_SELF = YES;
				CLANG_WARN_OBJC_LITERAL_CONVERSION = YES;
				CLANG_WARN_OBJC_ROOT_CLASS = YES_ERROR;
				CLANG_WARN_QUOTED_INCLUDE_IN_FRAMEWORK_HEADER = YES;
				CLANG_WARN_RANGE_LOOP_ANALYSIS = YES;
				CLANG_WARN_STRICT_PROTOTYPES = YES;
				CLANG_WARN_SUSPICIOUS_MOVE = YES;
				CLANG_WARN_UNGUARDED_AVAILABILITY = YES_AGGRESSIVE;
				CLANG_WARN_UNREACHABLE_CODE = YES;
				CLANG_WARN__DUPLICATE_METHOD_MATCH = YES;
				COPY_PHASE_STRIP = NO;
				DEBUG_INFORMATION_FORMAT = dwarf;
				ENABLE_STRICT_OBJC_MSGSEND = YES;
				ENABLE_TESTABILITY = YES;
				GCC_C_LANGUAGE_STANDARD = gnu11;
				GCC_DYNAMIC_NO_PIC = NO;
				GCC_NO_COMMON_BLOCKS = YES;
				GCC_OPTIMIZATION_LEVEL = 0;
				GCC_PREPROCESSOR_DEFINITIONS = (
					"DEBUG=1",
					"$(inherited)",
				);
				GCC_WARN_64_TO_32_BIT_CONVERSION = YES;
				GCC_WARN_ABOUT_RETURN_TYPE = YES_ERROR;
				GCC_WARN_UNDECLARED_SELECTOR = YES;
				GCC_WARN_UNINITIALIZED_AUTOS = YES_AGGRESSIVE;
				GCC_WARN_UNUSED_FUNCTION = YES;
				GCC_WARN_UNUSED_VARIABLE = YES;
				IPHONEOS_DEPLOYMENT_TARGET = 16.2;
				MTL_ENABLE_DEBUG_INFO = INCLUDE_SOURCE;
				MTL_FAST_MATH = YES;
				ONLY_ACTIVE_ARCH = YES;
				SDKROOT = iphoneos;
				SWIFT_ACTIVE_COMPILATION_CONDITIONS = DEBUG;
				SWIFT_OPTIMIZATION_LEVEL = "-Onone";
			};
			name = Debug;
		};
		7E97E84E29B4292E00DDC7E8 /* Release */ = {
			isa = XCBuildConfiguration;
			buildSettings = {
				ALWAYS_SEARCH_USER_PATHS = NO;
				CLANG_ANALYZER_NONNULL = YES;
				CLANG_ANALYZER_NUMBER_OBJECT_CONVERSION = YES_AGGRESSIVE;
				CLANG_CXX_LANGUAGE_STANDARD = "gnu++20";
				CLANG_ENABLE_MODULES = YES;
				CLANG_ENABLE_OBJC_ARC = YES;
				CLANG_ENABLE_OBJC_WEAK = YES;
				CLANG_WARN_BLOCK_CAPTURE_AUTORELEASING = YES;
				CLANG_WARN_BOOL_CONVERSION = YES;
				CLANG_WARN_COMMA = YES;
				CLANG_WARN_CONSTANT_CONVERSION = YES;
				CLANG_WARN_DEPRECATED_OBJC_IMPLEMENTATIONS = YES;
				CLANG_WARN_DIRECT_OBJC_ISA_USAGE = YES_ERROR;
				CLANG_WARN_DOCUMENTATION_COMMENTS = YES;
				CLANG_WARN_EMPTY_BODY = YES;
				CLANG_WARN_ENUM_CONVERSION = YES;
				CLANG_WARN_INFINITE_RECURSION = YES;
				CLANG_WARN_INT_CONVERSION = YES;
				CLANG_WARN_NON_LITERAL_NULL_CONVERSION = YES;
				CLANG_WARN_OBJC_IMPLICIT_RETAIN_SELF = YES;
				CLANG_WARN_OBJC_LITERAL_CONVERSION = YES;
				CLANG_WARN_OBJC_ROOT_CLASS = YES_ERROR;
				CLANG_WARN_QUOTED_INCLUDE_IN_FRAMEWORK_HEADER = YES;
				CLANG_WARN_RANGE_LOOP_ANALYSIS = YES;
				CLANG_WARN_STRICT_PROTOTYPES = YES;
				CLANG_WARN_SUSPICIOUS_MOVE = YES;
				CLANG_WARN_UNGUARDED_AVAILABILITY = YES_AGGRESSIVE;
				CLANG_WARN_UNREACHABLE_CODE = YES;
				CLANG_WARN__DUPLICATE_METHOD_MATCH = YES;
				COPY_PHASE_STRIP = NO;
				DEBUG_INFORMATION_FORMAT = "dwarf-with-dsym";
				ENABLE_NS_ASSERTIONS = NO;
				ENABLE_STRICT_OBJC_MSGSEND = YES;
				GCC_C_LANGUAGE_STANDARD = gnu11;
				GCC_NO_COMMON_BLOCKS = YES;
				GCC_WARN_64_TO_32_BIT_CONVERSION = YES;
				GCC_WARN_ABOUT_RETURN_TYPE = YES_ERROR;
				GCC_WARN_UNDECLARED_SELECTOR = YES;
				GCC_WARN_UNINITIALIZED_AUTOS = YES_AGGRESSIVE;
				GCC_WARN_UNUSED_FUNCTION = YES;
				GCC_WARN_UNUSED_VARIABLE = YES;
				IPHONEOS_DEPLOYMENT_TARGET = 16.2;
				MTL_ENABLE_DEBUG_INFO = NO;
				MTL_FAST_MATH = YES;
				SDKROOT = iphoneos;
				SWIFT_COMPILATION_MODE = wholemodule;
				SWIFT_OPTIMIZATION_LEVEL = "-O";
				VALIDATE_PRODUCT = YES;
			};
			name = Release;
		};
		7E97E85029B4292E00DDC7E8 /* Debug */ = {
			isa = XCBuildConfiguration;
			buildSettings = {
				ASSETCATALOG_COMPILER_APPICON_NAME = AppIcon;
				ASSETCATALOG_COMPILER_GLOBAL_ACCENT_COLOR_NAME = AccentColor;
				CODE_SIGN_STYLE = Automatic;
				CURRENT_PROJECT_VERSION = 1;
				DEVELOPMENT_TEAM = NL7TARX6W5;
				GENERATE_INFOPLIST_FILE = YES;
				INFOPLIST_FILE = RxWeather/Info.plist;
				INFOPLIST_KEY_UIApplicationSupportsIndirectInputEvents = YES;
				INFOPLIST_KEY_UILaunchStoryboardName = LaunchScreen;
				INFOPLIST_KEY_UIMainStoryboardFile = Main;
				INFOPLIST_KEY_UISupportedInterfaceOrientations_iPad = "UIInterfaceOrientationPortrait UIInterfaceOrientationPortraitUpsideDown UIInterfaceOrientationLandscapeLeft UIInterfaceOrientationLandscapeRight";
				INFOPLIST_KEY_UISupportedInterfaceOrientations_iPhone = "UIInterfaceOrientationPortrait UIInterfaceOrientationLandscapeLeft UIInterfaceOrientationLandscapeRight";
				LD_RUNPATH_SEARCH_PATHS = (
					"$(inherited)",
					"@executable_path/Frameworks",
				);
				MARKETING_VERSION = 1.0;
				PRODUCT_BUNDLE_IDENTIFIER = com.newkayak12.RxWeather;
				PRODUCT_NAME = "$(TARGET_NAME)";
				SWIFT_EMIT_LOC_STRINGS = YES;
				SWIFT_VERSION = 5.0;
				TARGETED_DEVICE_FAMILY = "1,2";
			};
			name = Debug;
		};
		7E97E85129B4292E00DDC7E8 /* Release */ = {
			isa = XCBuildConfiguration;
			buildSettings = {
				ASSETCATALOG_COMPILER_APPICON_NAME = AppIcon;
				ASSETCATALOG_COMPILER_GLOBAL_ACCENT_COLOR_NAME = AccentColor;
				CODE_SIGN_STYLE = Automatic;
				CURRENT_PROJECT_VERSION = 1;
				DEVELOPMENT_TEAM = NL7TARX6W5;
				GENERATE_INFOPLIST_FILE = YES;
				INFOPLIST_FILE = RxWeather/Info.plist;
				INFOPLIST_KEY_UIApplicationSupportsIndirectInputEvents = YES;
				INFOPLIST_KEY_UILaunchStoryboardName = LaunchScreen;
				INFOPLIST_KEY_UIMainStoryboardFile = Main;
				INFOPLIST_KEY_UISupportedInterfaceOrientations_iPad = "UIInterfaceOrientationPortrait UIInterfaceOrientationPortraitUpsideDown UIInterfaceOrientationLandscapeLeft UIInterfaceOrientationLandscapeRight";
				INFOPLIST_KEY_UISupportedInterfaceOrientations_iPhone = "UIInterfaceOrientationPortrait UIInterfaceOrientationLandscapeLeft UIInterfaceOrientationLandscapeRight";
				LD_RUNPATH_SEARCH_PATHS = (
					"$(inherited)",
					"@executable_path/Frameworks",
				);
				MARKETING_VERSION = 1.0;
				PRODUCT_BUNDLE_IDENTIFIER = com.newkayak12.RxWeather;
				PRODUCT_NAME = "$(TARGET_NAME)";
				SWIFT_EMIT_LOC_STRINGS = YES;
				SWIFT_VERSION = 5.0;
				TARGETED_DEVICE_FAMILY = "1,2";
			};
			name = Release;
		};
		7E97E85329B4292E00DDC7E8 /* Debug */ = {
			isa = XCBuildConfiguration;
			buildSettings = {
				ALWAYS_EMBED_SWIFT_STANDARD_LIBRARIES = YES;
				BUNDLE_LOADER = "$(TEST_HOST)";
				CODE_SIGN_STYLE = Automatic;
				CURRENT_PROJECT_VERSION = 1;
				DEVELOPMENT_TEAM = NL7TARX6W5;
				GENERATE_INFOPLIST_FILE = YES;
				IPHONEOS_DEPLOYMENT_TARGET = 16.2;
				MARKETING_VERSION = 1.0;
				PRODUCT_BUNDLE_IDENTIFIER = com.newkayak12.RxWeatherTests;
				PRODUCT_NAME = "$(TARGET_NAME)";
				SWIFT_EMIT_LOC_STRINGS = NO;
				SWIFT_VERSION = 5.0;
				TARGETED_DEVICE_FAMILY = "1,2";
				TEST_HOST = "$(BUILT_PRODUCTS_DIR)/RxWeather.app/$(BUNDLE_EXECUTABLE_FOLDER_PATH)/RxWeather";
			};
			name = Debug;
		};
		7E97E85429B4292E00DDC7E8 /* Release */ = {
			isa = XCBuildConfiguration;
			buildSettings = {
				ALWAYS_EMBED_SWIFT_STANDARD_LIBRARIES = YES;
				BUNDLE_LOADER = "$(TEST_HOST)";
				CODE_SIGN_STYLE = Automatic;
				CURRENT_PROJECT_VERSION = 1;
				DEVELOPMENT_TEAM = NL7TARX6W5;
				GENERATE_INFOPLIST_FILE = YES;
				IPHONEOS_DEPLOYMENT_TARGET = 16.2;
				MARKETING_VERSION = 1.0;
				PRODUCT_BUNDLE_IDENTIFIER = com.newkayak12.RxWeatherTests;
				PRODUCT_NAME = "$(TARGET_NAME)";
				SWIFT_EMIT_LOC_STRINGS = NO;
				SWIFT_VERSION = 5.0;
				TARGETED_DEVICE_FAMILY = "1,2";
				TEST_HOST = "$(BUILT_PRODUCTS_DIR)/RxWeather.app/$(BUNDLE_EXECUTABLE_FOLDER_PATH)/RxWeather";
			};
			name = Release;
		};
		7E97E85629B4292E00DDC7E8 /* Debug */ = {
			isa = XCBuildConfiguration;
			buildSettings = {
				ALWAYS_EMBED_SWIFT_STANDARD_LIBRARIES = YES;
				CODE_SIGN_STYLE = Automatic;
				CURRENT_PROJECT_VERSION = 1;
				DEVELOPMENT_TEAM = NL7TARX6W5;
				GENERATE_INFOPLIST_FILE = YES;
				MARKETING_VERSION = 1.0;
				PRODUCT_BUNDLE_IDENTIFIER = com.newkayak12.RxWeatherUITests;
				PRODUCT_NAME = "$(TARGET_NAME)";
				SWIFT_EMIT_LOC_STRINGS = NO;
				SWIFT_VERSION = 5.0;
				TARGETED_DEVICE_FAMILY = "1,2";
				TEST_TARGET_NAME = RxWeather;
			};
			name = Debug;
		};
		7E97E85729B4292E00DDC7E8 /* Release */ = {
			isa = XCBuildConfiguration;
			buildSettings = {
				ALWAYS_EMBED_SWIFT_STANDARD_LIBRARIES = YES;
				CODE_SIGN_STYLE = Automatic;
				CURRENT_PROJECT_VERSION = 1;
				DEVELOPMENT_TEAM = NL7TARX6W5;
				GENERATE_INFOPLIST_FILE = YES;
				MARKETING_VERSION = 1.0;
				PRODUCT_BUNDLE_IDENTIFIER = com.newkayak12.RxWeatherUITests;
				PRODUCT_NAME = "$(TARGET_NAME)";
				SWIFT_EMIT_LOC_STRINGS = NO;
				SWIFT_VERSION = 5.0;
				TARGETED_DEVICE_FAMILY = "1,2";
				TEST_TARGET_NAME = RxWeather;
			};
			name = Release;
		};
/* End XCBuildConfiguration section */

/* Begin XCConfigurationList section */
		7E97E82029B4292C00DDC7E8 /* Build configuration list for PBXProject "RxWeather" */ = {
			isa = XCConfigurationList;
			buildConfigurations = (
				7E97E84D29B4292E00DDC7E8 /* Debug */,
				7E97E84E29B4292E00DDC7E8 /* Release */,
			);
			defaultConfigurationIsVisible = 0;
			defaultConfigurationName = Release;
		};
		7E97E84F29B4292E00DDC7E8 /* Build configuration list for PBXNativeTarget "RxWeather" */ = {
			isa = XCConfigurationList;
			buildConfigurations = (
				7E97E85029B4292E00DDC7E8 /* Debug */,
				7E97E85129B4292E00DDC7E8 /* Release */,
			);
			defaultConfigurationIsVisible = 0;
			defaultConfigurationName = Release;
		};
		7E97E85229B4292E00DDC7E8 /* Build configuration list for PBXNativeTarget "RxWeatherTests" */ = {
			isa = XCConfigurationList;
			buildConfigurations = (
				7E97E85329B4292E00DDC7E8 /* Debug */,
				7E97E85429B4292E00DDC7E8 /* Release */,
			);
			defaultConfigurationIsVisible = 0;
			defaultConfigurationName = Release;
		};
		7E97E85529B4292E00DDC7E8 /* Build configuration list for PBXNativeTarget "RxWeatherUITests" */ = {
			isa = XCConfigurationList;
			buildConfigurations = (
				7E97E85629B4292E00DDC7E8 /* Debug */,
				7E97E85729B4292E00DDC7E8 /* Release */,
			);
			defaultConfigurationIsVisible = 0;
			defaultConfigurationName = Release;
		};
/* End XCConfigurationList section */
	};
	rootObject = 7E97E81D29B4292C00DDC7E8 /* Project object */;
}
